{
  "nodes": {
    "nixpkgs": {
      "locked": {
        "lastModified": 1749794982,
        "owner": "nixos",
        "repo": "nixpkgs",
        "rev": "ee930f9755f58096ac6e8ca94a1887e0534e2d81",
        "type": "github"
      },
      "original": {
        "owner": "nixos",
        "ref": "nixos-unstable",
        "repo": "nixpkgs",
        "type": "github"
      }
    },
    "root": {
      "inputs": {
        "nixpkgs": "nixpkgs",
        "rust-overlay": "rust-overlay"
      }
    },
    "rust-overlay": {
      "inputs": {
        "nixpkgs": [
          "nixpkgs"
        ]
      },
      "locked": {
        "lastModified": 1751078221,
        "owner": "oxalica",
        "repo": "rust-overlay",
        "rev": "1712a6d3430ca75353d366b7ddd1c79d6b243efc",
        "type": "github"
      },
      "original": {
        "owner": "oxalica",
        "repo": "rust-overlay",
        "type": "github"
      }
    }
  },
  "root": "root",
  "version": 7
}
